// !$*UTF8*$!
{
	archiveVersion = 1;
	classes = {
	};
	objectVersion = 52;
	objects = {

/* Begin PBXBuildFile section */
		F327EEC928057D2A00C86D3D /* AgoraUIKit in Frameworks */ = {isa = PBXBuildFile; productRef = F327EEC828057D2A00C86D3D /* AgoraUIKit */; };
		F327EECB28057D3200C86D3D /* AgoraRtmControl in Frameworks */ = {isa = PBXBuildFile; productRef = F327EECA28057D3200C86D3D /* AgoraRtmControl */; };
		F327FCFB259B97ED00922764 /* Agora_SwiftUI_ExampleApp.swift in Sources */ = {isa = PBXBuildFile; fileRef = F327FCFA259B97ED00922764 /* Agora_SwiftUI_ExampleApp.swift */; };
		F327FCFD259B97ED00922764 /* ContentView.swift in Sources */ = {isa = PBXBuildFile; fileRef = F327FCFC259B97ED00922764 /* ContentView.swift */; };
		F327FCFF259B97EF00922764 /* Assets.xcassets in Resources */ = {isa = PBXBuildFile; fileRef = F327FCFE259B97EF00922764 /* Assets.xcassets */; };
		F327FD02259B97EF00922764 /* Preview Assets.xcassets in Resources */ = {isa = PBXBuildFile; fileRef = F327FD01259B97EF00922764 /* Preview Assets.xcassets */; };
/* End PBXBuildFile section */

/* Begin PBXFileReference section */
		F327FCF7259B97ED00922764 /* Agora-SwiftUI-Example.app */ = {isa = PBXFileReference; explicitFileType = wrapper.application; includeInIndex = 0; path = "Agora-SwiftUI-Example.app"; sourceTree = BUILT_PRODUCTS_DIR; };
		F327FCFA259B97ED00922764 /* Agora_SwiftUI_ExampleApp.swift */ = {isa = PBXFileReference; lastKnownFileType = sourcecode.swift; path = Agora_SwiftUI_ExampleApp.swift; sourceTree = "<group>"; };
		F327FCFC259B97ED00922764 /* ContentView.swift */ = {isa = PBXFileReference; lastKnownFileType = sourcecode.swift; path = ContentView.swift; sourceTree = "<group>"; };
		F327FCFE259B97EF00922764 /* Assets.xcassets */ = {isa = PBXFileReference; lastKnownFileType = folder.assetcatalog; path = Assets.xcassets; sourceTree = "<group>"; };
		F327FD01259B97EF00922764 /* Preview Assets.xcassets */ = {isa = PBXFileReference; lastKnownFileType = folder.assetcatalog; path = "Preview Assets.xcassets"; sourceTree = "<group>"; };
		F327FD03259B97EF00922764 /* Info.plist */ = {isa = PBXFileReference; lastKnownFileType = text.plist.xml; path = Info.plist; sourceTree = "<group>"; };
		F3DADCD3278D8B4800DB1A82 /* iOS-UIKit */ = {isa = PBXFileReference; lastKnownFileType = wrapper; name = "iOS-UIKit"; path = ..; sourceTree = "<group>"; };
/* End PBXFileReference section */

/* Begin PBXFrameworksBuildPhase section */
		F327FCF4259B97ED00922764 /* Frameworks */ = {
			isa = PBXFrameworksBuildPhase;
			buildActionMask = 2147483647;
			files = (
				F327EEC928057D2A00C86D3D /* AgoraUIKit in Frameworks */,
				F327EECB28057D3200C86D3D /* AgoraRtmControl in Frameworks */,
			);
			runOnlyForDeploymentPostprocessing = 0;
		};
/* End PBXFrameworksBuildPhase section */

/* Begin PBXGroup section */
		F327FCEE259B97ED00922764 = {
			isa = PBXGroup;
			children = (
				F3DADCD2278D8B4800DB1A82 /* Packages */,
				F327FCF9259B97ED00922764 /* Agora-SwiftUI-Example */,
				F327FCF8259B97ED00922764 /* Products */,
				F3DDD45E278D8C38003D4A16 /* Frameworks */,
			);
			sourceTree = "<group>";
		};
		F327FCF8259B97ED00922764 /* Products */ = {
			isa = PBXGroup;
			children = (
				F327FCF7259B97ED00922764 /* Agora-SwiftUI-Example.app */,
			);
			name = Products;
			sourceTree = "<group>";
		};
		F327FCF9259B97ED00922764 /* Agora-SwiftUI-Example */ = {
			isa = PBXGroup;
			children = (
				F327FCFA259B97ED00922764 /* Agora_SwiftUI_ExampleApp.swift */,
				F327FCFC259B97ED00922764 /* ContentView.swift */,
				F327FCFE259B97EF00922764 /* Assets.xcassets */,
				F327FD03259B97EF00922764 /* Info.plist */,
				F327FD00259B97EF00922764 /* Preview Content */,
			);
			path = "Agora-SwiftUI-Example";
			sourceTree = "<group>";
		};
		F327FD00259B97EF00922764 /* Preview Content */ = {
			isa = PBXGroup;
			children = (
				F327FD01259B97EF00922764 /* Preview Assets.xcassets */,
			);
			path = "Preview Content";
			sourceTree = "<group>";
		};
		F3DADCD2278D8B4800DB1A82 /* Packages */ = {
			isa = PBXGroup;
			children = (
				F3DADCD3278D8B4800DB1A82 /* iOS-UIKit */,
			);
			name = Packages;
			sourceTree = "<group>";
		};
		F3DDD45E278D8C38003D4A16 /* Frameworks */ = {
			isa = PBXGroup;
			children = (
			);
			name = Frameworks;
			sourceTree = "<group>";
		};
/* End PBXGroup section */

/* Begin PBXNativeTarget section */
		F327FCF6259B97ED00922764 /* Agora-SwiftUI-Example */ = {
			isa = PBXNativeTarget;
			buildConfigurationList = F327FD06259B97EF00922764 /* Build configuration list for PBXNativeTarget "Agora-SwiftUI-Example" */;
			buildPhases = (
				F327FCF3259B97ED00922764 /* Sources */,
				F327FCF4259B97ED00922764 /* Frameworks */,
				F327FCF5259B97ED00922764 /* Resources */,
			);
			buildRules = (
			);
			dependencies = (
			);
			name = "Agora-SwiftUI-Example";
			packageProductDependencies = (
				F327EEC828057D2A00C86D3D /* AgoraUIKit */,
				F327EECA28057D3200C86D3D /* AgoraRtmControl */,
			);
			productName = "Agora-SwiftUI-Example";
			productReference = F327FCF7259B97ED00922764 /* Agora-SwiftUI-Example.app */;
			productType = "com.apple.product-type.application";
		};
/* End PBXNativeTarget section */

/* Begin PBXProject section */
		F327FCEF259B97ED00922764 /* Project object */ = {
			isa = PBXProject;
			attributes = {
				LastSwiftUpdateCheck = 1230;
				LastUpgradeCheck = 1230;
				TargetAttributes = {
					F327FCF6259B97ED00922764 = {
						CreatedOnToolsVersion = 12.3;
					};
				};
			};
			buildConfigurationList = F327FCF2259B97ED00922764 /* Build configuration list for PBXProject "Agora-SwiftUI-Example" */;
			compatibilityVersion = "Xcode 9.3";
			developmentRegion = en;
			hasScannedForEncodings = 0;
			knownRegions = (
				en,
				Base,
			);
			mainGroup = F327FCEE259B97ED00922764;
			productRefGroup = F327FCF8259B97ED00922764 /* Products */;
			projectDirPath = "";
			projectRoot = "";
			targets = (
				F327FCF6259B97ED00922764 /* Agora-SwiftUI-Example */,
			);
		};
/* End PBXProject section */

/* Begin PBXResourcesBuildPhase section */
		F327FCF5259B97ED00922764 /* Resources */ = {
			isa = PBXResourcesBuildPhase;
			buildActionMask = 2147483647;
			files = (
				F327FD02259B97EF00922764 /* Preview Assets.xcassets in Resources */,
				F327FCFF259B97EF00922764 /* Assets.xcassets in Resources */,
			);
			runOnlyForDeploymentPostprocessing = 0;
		};
/* End PBXResourcesBuildPhase section */

/* Begin PBXSourcesBuildPhase section */
		F327FCF3259B97ED00922764 /* Sources */ = {
			isa = PBXSourcesBuildPhase;
			buildActionMask = 2147483647;
			files = (
				F327FCFD259B97ED00922764 /* ContentView.swift in Sources */,
				F327FCFB259B97ED00922764 /* Agora_SwiftUI_ExampleApp.swift in Sources */,
			);
			runOnlyForDeploymentPostprocessing = 0;
		};
/* End PBXSourcesBuildPhase section */

/* Begin XCBuildConfiguration section */
		F327FD04259B97EF00922764 /* Debug */ = {
			isa = XCBuildConfiguration;
			buildSettings = {
				ALWAYS_SEARCH_USER_PATHS = NO;
				CLANG_ANALYZER_NONNULL = YES;
				CLANG_ANALYZER_NUMBER_OBJECT_CONVERSION = YES_AGGRESSIVE;
				CLANG_CXX_LANGUAGE_STANDARD = "gnu++14";
				CLANG_CXX_LIBRARY = "libc++";
				CLANG_ENABLE_MODULES = YES;
				CLANG_ENABLE_OBJC_ARC = YES;
				CLANG_ENABLE_OBJC_WEAK = YES;
				CLANG_WARN_BLOCK_CAPTURE_AUTORELEASING = YES;
				CLANG_WARN_BOOL_CONVERSION = YES;
				CLANG_WARN_COMMA = YES;
				CLANG_WARN_CONSTANT_CONVERSION = YES;
				CLANG_WARN_DEPRECATED_OBJC_IMPLEMENTATIONS = YES;
				CLANG_WARN_DIRECT_OBJC_ISA_USAGE = YES_ERROR;
				CLANG_WARN_DOCUMENTATION_COMMENTS = YES;
				CLANG_WARN_EMPTY_BODY = YES;
				CLANG_WARN_ENUM_CONVERSION = YES;
				CLANG_WARN_INFINITE_RECURSION = YES;
				CLANG_WARN_INT_CONVERSION = YES;
				CLANG_WARN_NON_LITERAL_NULL_CONVERSION = YES;
				CLANG_WARN_OBJC_IMPLICIT_RETAIN_SELF = YES;
				CLANG_WARN_OBJC_LITERAL_CONVERSION = YES;
				CLANG_WARN_OBJC_ROOT_CLASS = YES_ERROR;
				CLANG_WARN_QUOTED_INCLUDE_IN_FRAMEWORK_HEADER = YES;
				CLANG_WARN_RANGE_LOOP_ANALYSIS = YES;
				CLANG_WARN_STRICT_PROTOTYPES = YES;
				CLANG_WARN_SUSPICIOUS_MOVE = YES;
				CLANG_WARN_UNGUARDED_AVAILABILITY = YES_AGGRESSIVE;
				CLANG_WARN_UNREACHABLE_CODE = YES;
				CLANG_WARN__DUPLICATE_METHOD_MATCH = YES;
				COPY_PHASE_STRIP = NO;
				DEBUG_INFORMATION_FORMAT = dwarf;
				ENABLE_STRICT_OBJC_MSGSEND = YES;
				ENABLE_TESTABILITY = YES;
				GCC_C_LANGUAGE_STANDARD = gnu11;
				GCC_DYNAMIC_NO_PIC = NO;
				GCC_NO_COMMON_BLOCKS = YES;
				GCC_OPTIMIZATION_LEVEL = 0;
				GCC_PREPROCESSOR_DEFINITIONS = (
					"DEBUG=1",
					"$(inherited)",
				);
				GCC_WARN_64_TO_32_BIT_CONVERSION = YES;
				GCC_WARN_ABOUT_RETURN_TYPE = YES_ERROR;
				GCC_WARN_UNDECLARED_SELECTOR = YES;
				GCC_WARN_UNINITIALIZED_AUTOS = YES_AGGRESSIVE;
				GCC_WARN_UNUSED_FUNCTION = YES;
				GCC_WARN_UNUSED_VARIABLE = YES;
				IPHONEOS_DEPLOYMENT_TARGET = 14.3;
				MTL_ENABLE_DEBUG_INFO = INCLUDE_SOURCE;
				MTL_FAST_MATH = YES;
				ONLY_ACTIVE_ARCH = YES;
				SDKROOT = iphoneos;
				SWIFT_ACTIVE_COMPILATION_CONDITIONS = DEBUG;
				SWIFT_OPTIMIZATION_LEVEL = "-Onone";
			};
			name = Debug;
		};
		F327FD05259B97EF00922764 /* Release */ = {
			isa = XCBuildConfiguration;
			buildSettings = {
				ALWAYS_SEARCH_USER_PATHS = NO;
				CLANG_ANALYZER_NONNULL = YES;
				CLANG_ANALYZER_NUMBER_OBJECT_CONVERSION = YES_AGGRESSIVE;
				CLANG_CXX_LANGUAGE_STANDARD = "gnu++14";
				CLANG_CXX_LIBRARY = "libc++";
				CLANG_ENABLE_MODULES = YES;
				CLANG_ENABLE_OBJC_ARC = YES;
				CLANG_ENABLE_OBJC_WEAK = YES;
				CLANG_WARN_BLOCK_CAPTURE_AUTORELEASING = YES;
				CLANG_WARN_BOOL_CONVERSION = YES;
				CLANG_WARN_COMMA = YES;
				CLANG_WARN_CONSTANT_CONVERSION = YES;
				CLANG_WARN_DEPRECATED_OBJC_IMPLEMENTATIONS = YES;
				CLANG_WARN_DIRECT_OBJC_ISA_USAGE = YES_ERROR;
				CLANG_WARN_DOCUMENTATION_COMMENTS = YES;
				CLANG_WARN_EMPTY_BODY = YES;
				CLANG_WARN_ENUM_CONVERSION = YES;
				CLANG_WARN_INFINITE_RECURSION = YES;
				CLANG_WARN_INT_CONVERSION = YES;
				CLANG_WARN_NON_LITERAL_NULL_CONVERSION = YES;
				CLANG_WARN_OBJC_IMPLICIT_RETAIN_SELF = YES;
				CLANG_WARN_OBJC_LITERAL_CONVERSION = YES;
				CLANG_WARN_OBJC_ROOT_CLASS = YES_ERROR;
				CLANG_WARN_QUOTED_INCLUDE_IN_FRAMEWORK_HEADER = YES;
				CLANG_WARN_RANGE_LOOP_ANALYSIS = YES;
				CLANG_WARN_STRICT_PROTOTYPES = YES;
				CLANG_WARN_SUSPICIOUS_MOVE = YES;
				CLANG_WARN_UNGUARDED_AVAILABILITY = YES_AGGRESSIVE;
				CLANG_WARN_UNREACHABLE_CODE = YES;
				CLANG_WARN__DUPLICATE_METHOD_MATCH = YES;
				COPY_PHASE_STRIP = NO;
				DEBUG_INFORMATION_FORMAT = "dwarf-with-dsym";
				ENABLE_NS_ASSERTIONS = NO;
				ENABLE_STRICT_OBJC_MSGSEND = YES;
				GCC_C_LANGUAGE_STANDARD = gnu11;
				GCC_NO_COMMON_BLOCKS = YES;
				GCC_WARN_64_TO_32_BIT_CONVERSION = YES;
				GCC_WARN_ABOUT_RETURN_TYPE = YES_ERROR;
				GCC_WARN_UNDECLARED_SELECTOR = YES;
				GCC_WARN_UNINITIALIZED_AUTOS = YES_AGGRESSIVE;
				GCC_WARN_UNUSED_FUNCTION = YES;
				GCC_WARN_UNUSED_VARIABLE = YES;
				IPHONEOS_DEPLOYMENT_TARGET = 14.3;
				MTL_ENABLE_DEBUG_INFO = NO;
				MTL_FAST_MATH = YES;
				SDKROOT = iphoneos;
				SWIFT_COMPILATION_MODE = wholemodule;
				SWIFT_OPTIMIZATION_LEVEL = "-O";
				VALIDATE_PRODUCT = YES;
			};
			name = Release;
		};
		F327FD07259B97EF00922764 /* Debug */ = {
			isa = XCBuildConfiguration;
			buildSettings = {
				ASSETCATALOG_COMPILER_APPICON_NAME = AppIcon;
				ASSETCATALOG_COMPILER_GLOBAL_ACCENT_COLOR_NAME = AccentColor;
				CODE_SIGN_STYLE = Automatic;
				DEVELOPMENT_ASSET_PATHS = "\"Agora-SwiftUI-Example/Preview Content\"";
				DEVELOPMENT_TEAM = "";
				ENABLE_PREVIEWS = YES;
				INFOPLIST_FILE = "Agora-SwiftUI-Example/Info.plist";
				IPHONEOS_DEPLOYMENT_TARGET = 14.0;
				LD_RUNPATH_SEARCH_PATHS = (
					"$(inherited)",
					"@executable_path/Frameworks",
				);
				PRODUCT_BUNDLE_IDENTIFIER = "";
				PRODUCT_NAME = "$(TARGET_NAME)";
				SWIFT_VERSION = 5.0;
				TARGETED_DEVICE_FAMILY = "1,2";
			};
			name = Debug;
		};
		F327FD08259B97EF00922764 /* Release */ = {
			isa = XCBuildConfiguration;
			buildSettings = {
				ASSETCATALOG_COMPILER_APPICON_NAME = AppIcon;
				ASSETCATALOG_COMPILER_GLOBAL_ACCENT_COLOR_NAME = AccentColor;
				CODE_SIGN_STYLE = Automatic;
				DEVELOPMENT_ASSET_PATHS = "\"Agora-SwiftUI-Example/Preview Content\"";
				DEVELOPMENT_TEAM = "";
				ENABLE_PREVIEWS = YES;
				INFOPLIST_FILE = "Agora-SwiftUI-Example/Info.plist";
				IPHONEOS_DEPLOYMENT_TARGET = 14.0;
				LD_RUNPATH_SEARCH_PATHS = (
					"$(inherited)",
					"@executable_path/Frameworks",
				);
				PRODUCT_BUNDLE_IDENTIFIER = "";
				PRODUCT_NAME = "$(TARGET_NAME)";
				SWIFT_VERSION = 5.0;
				TARGETED_DEVICE_FAMILY = "1,2";
			};
			name = Release;
		};
/* End XCBuildConfiguration section */

/* Begin XCConfigurationList section */
		F327FCF2259B97ED00922764 /* Build configuration list for PBXProject "Agora-SwiftUI-Example" */ = {
			isa = XCConfigurationList;
			buildConfigurations = (
				F327FD04259B97EF00922764 /* Debug */,
				F327FD05259B97EF00922764 /* Release */,
			);
			defaultConfigurationIsVisible = 0;
			defaultConfigurationName = Release;
		};
		F327FD06259B97EF00922764 /* Build configuration list for PBXNativeTarget "Agora-SwiftUI-Example" */ = {
			isa = XCConfigurationList;
			buildConfigurations = (
				F327FD07259B97EF00922764 /* Debug */,
				F327FD08259B97EF00922764 /* Release */,
			);
			defaultConfigurationIsVisible = 0;
			defaultConfigurationName = Release;
		};
/* End XCConfigurationList section */

/* Begin XCSwiftPackageProductDependency section */
		F327EEC828057D2A00C86D3D /* AgoraUIKit */ = {
			isa = XCSwiftPackageProductDependency;
			productName = AgoraUIKit;
		};
		F327EECA28057D3200C86D3D /* AgoraRtmControl */ = {
			isa = XCSwiftPackageProductDependency;
			productName = AgoraRtmControl;
		};
/* End XCSwiftPackageProductDependency section */
	};
	rootObject = F327FCEF259B97ED00922764 /* Project object */;
}
