// !$*UTF8*$!
{
	archiveVersion = 1;
	classes = {
	};
	objectVersion = 51;
	objects = {

/* Begin PBXBuildFile section */
		D4F395C0D0C3B90C8110116F /* Pods_Agora_AppKit_Example.framework in Frameworks */ = {isa = PBXBuildFile; fileRef = C637023FD1AFAD8A340A803B /* Pods_Agora_AppKit_Example.framework */; };
		F3AFC27A257511C20049D712 /* AppDelegate.swift in Sources */ = {isa = PBXBuildFile; fileRef = F3AFC279257511C20049D712 /* AppDelegate.swift */; };
		F3AFC27C257511C20049D712 /* ViewController.swift in Sources */ = {isa = PBXBuildFile; fileRef = F3AFC27B257511C20049D712 /* ViewController.swift */; };
		F3AFC27E257511C40049D712 /* Assets.xcassets in Resources */ = {isa = PBXBuildFile; fileRef = F3AFC27D257511C40049D712 /* Assets.xcassets */; };
		F3AFC281257511C40049D712 /* Main.storyboard in Resources */ = {isa = PBXBuildFile; fileRef = F3AFC27F257511C40049D712 /* Main.storyboard */; };
/* End PBXBuildFile section */

/* Begin PBXFileReference section */
		620F79B00A72679B29C40E01 /* Pods-Agora-AppKit-Example.debug.xcconfig */ = {isa = PBXFileReference; includeInIndex = 1; lastKnownFileType = text.xcconfig; name = "Pods-Agora-AppKit-Example.debug.xcconfig"; path = "Target Support Files/Pods-Agora-AppKit-Example/Pods-Agora-AppKit-Example.debug.xcconfig"; sourceTree = "<group>"; };
		93DB5D921FCA4D764A8F1338 /* Pods-Agora-AppKit-Example.release.xcconfig */ = {isa = PBXFileReference; includeInIndex = 1; lastKnownFileType = text.xcconfig; name = "Pods-Agora-AppKit-Example.release.xcconfig"; path = "Target Support Files/Pods-Agora-AppKit-Example/Pods-Agora-AppKit-Example.release.xcconfig"; sourceTree = "<group>"; };
		C637023FD1AFAD8A340A803B /* Pods_Agora_AppKit_Example.framework */ = {isa = PBXFileReference; explicitFileType = wrapper.framework; includeInIndex = 0; path = Pods_Agora_AppKit_Example.framework; sourceTree = BUILT_PRODUCTS_DIR; };
		F3AFC276257511C20049D712 /* Agora-AppKit-Example.app */ = {isa = PBXFileReference; explicitFileType = wrapper.application; includeInIndex = 0; path = "Agora-AppKit-Example.app"; sourceTree = BUILT_PRODUCTS_DIR; };
		F3AFC279257511C20049D712 /* AppDelegate.swift */ = {isa = PBXFileReference; lastKnownFileType = sourcecode.swift; path = AppDelegate.swift; sourceTree = "<group>"; };
		F3AFC27B257511C20049D712 /* ViewController.swift */ = {isa = PBXFileReference; lastKnownFileType = sourcecode.swift; path = ViewController.swift; sourceTree = "<group>"; };
		F3AFC27D257511C40049D712 /* Assets.xcassets */ = {isa = PBXFileReference; lastKnownFileType = folder.assetcatalog; path = Assets.xcassets; sourceTree = "<group>"; };
		F3AFC280257511C40049D712 /* Base */ = {isa = PBXFileReference; lastKnownFileType = file.storyboard; name = Base; path = Base.lproj/Main.storyboard; sourceTree = "<group>"; };
		F3AFC282257511C40049D712 /* Info.plist */ = {isa = PBXFileReference; lastKnownFileType = text.plist.xml; path = Info.plist; sourceTree = "<group>"; };
		F3AFC283257511C40049D712 /* Agora_AppKit_Example.entitlements */ = {isa = PBXFileReference; lastKnownFileType = text.plist.entitlements; path = Agora_AppKit_Example.entitlements; sourceTree = "<group>"; };
/* End PBXFileReference section */

/* Begin PBXFrameworksBuildPhase section */
		F3AFC273257511C20049D712 /* Frameworks */ = {
			isa = PBXFrameworksBuildPhase;
			buildActionMask = 2147483647;
			files = (
				D4F395C0D0C3B90C8110116F /* Pods_Agora_AppKit_Example.framework in Frameworks */,
			);
			runOnlyForDeploymentPostprocessing = 0;
		};
/* End PBXFrameworksBuildPhase section */

/* Begin PBXGroup section */
		1F12E9314EC45B172FAE0CB9 /* Frameworks */ = {
			isa = PBXGroup;
			children = (
				C637023FD1AFAD8A340A803B /* Pods_Agora_AppKit_Example.framework */,
			);
			name = Frameworks;
			sourceTree = "<group>";
		};
		6757440DBDE019CD74033B5B /* Pods */ = {
			isa = PBXGroup;
			children = (
				620F79B00A72679B29C40E01 /* Pods-Agora-AppKit-Example.debug.xcconfig */,
				93DB5D921FCA4D764A8F1338 /* Pods-Agora-AppKit-Example.release.xcconfig */,
			);
			path = Pods;
			sourceTree = "<group>";
		};
		F3AFC26D257511C20049D712 = {
			isa = PBXGroup;
			children = (
				F3AFC278257511C20049D712 /* Agora-AppKit-Example */,
				F3AFC277257511C20049D712 /* Products */,
				6757440DBDE019CD74033B5B /* Pods */,
				1F12E9314EC45B172FAE0CB9 /* Frameworks */,
			);
			sourceTree = "<group>";
		};
		F3AFC277257511C20049D712 /* Products */ = {
			isa = PBXGroup;
			children = (
				F3AFC276257511C20049D712 /* Agora-AppKit-Example.app */,
			);
			name = Products;
			sourceTree = "<group>";
		};
		F3AFC278257511C20049D712 /* Agora-AppKit-Example */ = {
			isa = PBXGroup;
			children = (
				F3AFC279257511C20049D712 /* AppDelegate.swift */,
				F3AFC27B257511C20049D712 /* ViewController.swift */,
				F3AFC27D257511C40049D712 /* Assets.xcassets */,
				F3AFC27F257511C40049D712 /* Main.storyboard */,
				F3AFC282257511C40049D712 /* Info.plist */,
				F3AFC283257511C40049D712 /* Agora_AppKit_Example.entitlements */,
			);
			path = "Agora-AppKit-Example";
			sourceTree = "<group>";
		};
/* End PBXGroup section */

/* Begin PBXNativeTarget section */
		F3AFC275257511C20049D712 /* Agora-AppKit-Example */ = {
			isa = PBXNativeTarget;
			buildConfigurationList = F3AFC286257511C40049D712 /* Build configuration list for PBXNativeTarget "Agora-AppKit-Example" */;
			buildPhases = (
				B34D0F5F9FA5A66670EA7C24 /* [CP] Check Pods Manifest.lock */,
				F3AFC272257511C20049D712 /* Sources */,
				F3AFC273257511C20049D712 /* Frameworks */,
				F3AFC274257511C20049D712 /* Resources */,
				995C6F40625C85A9437F5AB7 /* [CP] Embed Pods Frameworks */,
			);
			buildRules = (
			);
			dependencies = (
			);
			name = "Agora-AppKit-Example";
			productName = "Agora-AppKit-Example";
			productReference = F3AFC276257511C20049D712 /* Agora-AppKit-Example.app */;
			productType = "com.apple.product-type.application";
		};
/* End PBXNativeTarget section */

/* Begin PBXProject section */
		F3AFC26E257511C20049D712 /* Project object */ = {
			isa = PBXProject;
			attributes = {
				LastSwiftUpdateCheck = 1220;
				LastUpgradeCheck = 1220;
				TargetAttributes = {
					F3AFC275257511C20049D712 = {
						CreatedOnToolsVersion = 12.2;
					};
				};
			};
			buildConfigurationList = F3AFC271257511C20049D712 /* Build configuration list for PBXProject "Agora-AppKit-Example" */;
			compatibilityVersion = "Xcode 9.3";
			developmentRegion = en;
			hasScannedForEncodings = 0;
			knownRegions = (
				en,
				Base,
			);
			mainGroup = F3AFC26D257511C20049D712;
			productRefGroup = F3AFC277257511C20049D712 /* Products */;
			projectDirPath = "";
			projectRoot = "";
			targets = (
				F3AFC275257511C20049D712 /* Agora-AppKit-Example */,
			);
		};
/* End PBXProject section */

/* Begin PBXResourcesBuildPhase section */
		F3AFC274257511C20049D712 /* Resources */ = {
			isa = PBXResourcesBuildPhase;
			buildActionMask = 2147483647;
			files = (
				F3AFC27E257511C40049D712 /* Assets.xcassets in Resources */,
				F3AFC281257511C40049D712 /* Main.storyboard in Resources */,
			);
			runOnlyForDeploymentPostprocessing = 0;
		};
/* End PBXResourcesBuildPhase section */

/* Begin PBXShellScriptBuildPhase section */
		995C6F40625C85A9437F5AB7 /* [CP] Embed Pods Frameworks */ = {
			isa = PBXShellScriptBuildPhase;
			buildActionMask = 2147483647;
			files = (
			);
			inputFileListPaths = (
				"${PODS_ROOT}/Target Support Files/Pods-Agora-AppKit-Example/Pods-Agora-AppKit-Example-frameworks-${CONFIGURATION}-input-files.xcfilelist",
			);
			name = "[CP] Embed Pods Frameworks";
			outputFileListPaths = (
				"${PODS_ROOT}/Target Support Files/Pods-Agora-AppKit-Example/Pods-Agora-AppKit-Example-frameworks-${CONFIGURATION}-output-files.xcfilelist",
			);
			runOnlyForDeploymentPostprocessing = 0;
			shellPath = /bin/sh;
			shellScript = "\"${PODS_ROOT}/Target Support Files/Pods-Agora-AppKit-Example/Pods-Agora-AppKit-Example-frameworks.sh\"\n";
			showEnvVarsInLog = 0;
		};
		B34D0F5F9FA5A66670EA7C24 /* [CP] Check Pods Manifest.lock */ = {
			isa = PBXShellScriptBuildPhase;
			buildActionMask = 2147483647;
			files = (
			);
			inputFileListPaths = (
			);
			inputPaths = (
				"${PODS_PODFILE_DIR_PATH}/Podfile.lock",
				"${PODS_ROOT}/Manifest.lock",
			);
			name = "[CP] Check Pods Manifest.lock";
			outputFileListPaths = (
			);
			outputPaths = (
				"$(DERIVED_FILE_DIR)/Pods-Agora-AppKit-Example-checkManifestLockResult.txt",
			);
			runOnlyForDeploymentPostprocessing = 0;
			shellPath = /bin/sh;
			shellScript = "diff \"${PODS_PODFILE_DIR_PATH}/Podfile.lock\" \"${PODS_ROOT}/Manifest.lock\" > /dev/null\nif [ $? != 0 ] ; then\n    # print error to STDERR\n    echo \"error: The sandbox is not in sync with the Podfile.lock. Run 'pod install' or update your CocoaPods installation.\" >&2\n    exit 1\nfi\n# This output is used by Xcode 'outputs' to avoid re-running this script phase.\necho \"SUCCESS\" > \"${SCRIPT_OUTPUT_FILE_0}\"\n";
			showEnvVarsInLog = 0;
		};
/* End PBXShellScriptBuildPhase section */

/* Begin PBXSourcesBuildPhase section */
		F3AFC272257511C20049D712 /* Sources */ = {
			isa = PBXSourcesBuildPhase;
			buildActionMask = 2147483647;
			files = (
				F3AFC27C257511C20049D712 /* ViewController.swift in Sources */,
				F3AFC27A257511C20049D712 /* AppDelegate.swift in Sources */,
			);
			runOnlyForDeploymentPostprocessing = 0;
		};
/* End PBXSourcesBuildPhase section */

/* Begin PBXVariantGroup section */
		F3AFC27F257511C40049D712 /* Main.storyboard */ = {
			isa = PBXVariantGroup;
			children = (
				F3AFC280257511C40049D712 /* Base */,
			);
			name = Main.storyboard;
			sourceTree = "<group>";
		};
/* End PBXVariantGroup section */

/* Begin XCBuildConfiguration section */
		F3AFC284257511C40049D712 /* Debug */ = {
			isa = XCBuildConfiguration;
			buildSettings = {
				ALWAYS_SEARCH_USER_PATHS = NO;
				CLANG_ANALYZER_NONNULL = YES;
				CLANG_ANALYZER_NUMBER_OBJECT_CONVERSION = YES_AGGRESSIVE;
				CLANG_CXX_LANGUAGE_STANDARD = "gnu++14";
				CLANG_CXX_LIBRARY = "libc++";
				CLANG_ENABLE_MODULES = YES;
				CLANG_ENABLE_OBJC_ARC = YES;
				CLANG_ENABLE_OBJC_WEAK = YES;
				CLANG_WARN_BLOCK_CAPTURE_AUTORELEASING = YES;
				CLANG_WARN_BOOL_CONVERSION = YES;
				CLANG_WARN_COMMA = YES;
				CLANG_WARN_CONSTANT_CONVERSION = YES;
				CLANG_WARN_DEPRECATED_OBJC_IMPLEMENTATIONS = YES;
				CLANG_WARN_DIRECT_OBJC_ISA_USAGE = YES_ERROR;
				CLANG_WARN_DOCUMENTATION_COMMENTS = YES;
				CLANG_WARN_EMPTY_BODY = YES;
				CLANG_WARN_ENUM_CONVERSION = YES;
				CLANG_WARN_INFINITE_RECURSION = YES;
				CLANG_WARN_INT_CONVERSION = YES;
				CLANG_WARN_NON_LITERAL_NULL_CONVERSION = YES;
				CLANG_WARN_OBJC_IMPLICIT_RETAIN_SELF = YES;
				CLANG_WARN_OBJC_LITERAL_CONVERSION = YES;
				CLANG_WARN_OBJC_ROOT_CLASS = YES_ERROR;
				CLANG_WARN_QUOTED_INCLUDE_IN_FRAMEWORK_HEADER = YES;
				CLANG_WARN_RANGE_LOOP_ANALYSIS = YES;
				CLANG_WARN_STRICT_PROTOTYPES = YES;
				CLANG_WARN_SUSPICIOUS_MOVE = YES;
				CLANG_WARN_UNGUARDED_AVAILABILITY = YES_AGGRESSIVE;
				CLANG_WARN_UNREACHABLE_CODE = YES;
				CLANG_WARN__DUPLICATE_METHOD_MATCH = YES;
				COPY_PHASE_STRIP = NO;
				DEBUG_INFORMATION_FORMAT = dwarf;
				ENABLE_STRICT_OBJC_MSGSEND = YES;
				ENABLE_TESTABILITY = YES;
				GCC_C_LANGUAGE_STANDARD = gnu11;
				GCC_DYNAMIC_NO_PIC = NO;
				GCC_NO_COMMON_BLOCKS = YES;
				GCC_OPTIMIZATION_LEVEL = 0;
				GCC_PREPROCESSOR_DEFINITIONS = (
					"DEBUG=1",
					"$(inherited)",
				);
				GCC_WARN_64_TO_32_BIT_CONVERSION = YES;
				GCC_WARN_ABOUT_RETURN_TYPE = YES_ERROR;
				GCC_WARN_UNDECLARED_SELECTOR = YES;
				GCC_WARN_UNINITIALIZED_AUTOS = YES_AGGRESSIVE;
				GCC_WARN_UNUSED_FUNCTION = YES;
				GCC_WARN_UNUSED_VARIABLE = YES;
				MACOSX_DEPLOYMENT_TARGET = 11.0;
				MTL_ENABLE_DEBUG_INFO = INCLUDE_SOURCE;
				MTL_FAST_MATH = YES;
				ONLY_ACTIVE_ARCH = YES;
				SDKROOT = macosx;
				SWIFT_ACTIVE_COMPILATION_CONDITIONS = DEBUG;
				SWIFT_OPTIMIZATION_LEVEL = "-Onone";
			};
			name = Debug;
		};
		F3AFC285257511C40049D712 /* Release */ = {
			isa = XCBuildConfiguration;
			buildSettings = {
				ALWAYS_SEARCH_USER_PATHS = NO;
				CLANG_ANALYZER_NONNULL = YES;
				CLANG_ANALYZER_NUMBER_OBJECT_CONVERSION = YES_AGGRESSIVE;
				CLANG_CXX_LANGUAGE_STANDARD = "gnu++14";
				CLANG_CXX_LIBRARY = "libc++";
				CLANG_ENABLE_MODULES = YES;
				CLANG_ENABLE_OBJC_ARC = YES;
				CLANG_ENABLE_OBJC_WEAK = YES;
				CLANG_WARN_BLOCK_CAPTURE_AUTORELEASING = YES;
				CLANG_WARN_BOOL_CONVERSION = YES;
				CLANG_WARN_COMMA = YES;
				CLANG_WARN_CONSTANT_CONVERSION = YES;
				CLANG_WARN_DEPRECATED_OBJC_IMPLEMENTATIONS = YES;
				CLANG_WARN_DIRECT_OBJC_ISA_USAGE = YES_ERROR;
				CLANG_WARN_DOCUMENTATION_COMMENTS = YES;
				CLANG_WARN_EMPTY_BODY = YES;
				CLANG_WARN_ENUM_CONVERSION = YES;
				CLANG_WARN_INFINITE_RECURSION = YES;
				CLANG_WARN_INT_CONVERSION = YES;
				CLANG_WARN_NON_LITERAL_NULL_CONVERSION = YES;
				CLANG_WARN_OBJC_IMPLICIT_RETAIN_SELF = YES;
				CLANG_WARN_OBJC_LITERAL_CONVERSION = YES;
				CLANG_WARN_OBJC_ROOT_CLASS = YES_ERROR;
				CLANG_WARN_QUOTED_INCLUDE_IN_FRAMEWORK_HEADER = YES;
				CLANG_WARN_RANGE_LOOP_ANALYSIS = YES;
				CLANG_WARN_STRICT_PROTOTYPES = YES;
				CLANG_WARN_SUSPICIOUS_MOVE = YES;
				CLANG_WARN_UNGUARDED_AVAILABILITY = YES_AGGRESSIVE;
				CLANG_WARN_UNREACHABLE_CODE = YES;
				CLANG_WARN__DUPLICATE_METHOD_MATCH = YES;
				COPY_PHASE_STRIP = NO;
				DEBUG_INFORMATION_FORMAT = "dwarf-with-dsym";
				ENABLE_NS_ASSERTIONS = NO;
				ENABLE_STRICT_OBJC_MSGSEND = YES;
				GCC_C_LANGUAGE_STANDARD = gnu11;
				GCC_NO_COMMON_BLOCKS = YES;
				GCC_WARN_64_TO_32_BIT_CONVERSION = YES;
				GCC_WARN_ABOUT_RETURN_TYPE = YES_ERROR;
				GCC_WARN_UNDECLARED_SELECTOR = YES;
				GCC_WARN_UNINITIALIZED_AUTOS = YES_AGGRESSIVE;
				GCC_WARN_UNUSED_FUNCTION = YES;
				GCC_WARN_UNUSED_VARIABLE = YES;
				MACOSX_DEPLOYMENT_TARGET = 11.0;
				MTL_ENABLE_DEBUG_INFO = NO;
				MTL_FAST_MATH = YES;
				SDKROOT = macosx;
				SWIFT_COMPILATION_MODE = wholemodule;
				SWIFT_OPTIMIZATION_LEVEL = "-O";
			};
			name = Release;
		};
		F3AFC287257511C40049D712 /* Debug */ = {
			isa = XCBuildConfiguration;
			baseConfigurationReference = 620F79B00A72679B29C40E01 /* Pods-Agora-AppKit-Example.debug.xcconfig */;
			buildSettings = {
				ASSETCATALOG_COMPILER_APPICON_NAME = AppIcon;
				ASSETCATALOG_COMPILER_GLOBAL_ACCENT_COLOR_NAME = AccentColor;
				CODE_SIGN_ENTITLEMENTS = "Agora-AppKit-Example/Agora_AppKit_Example.entitlements";
				CODE_SIGN_STYLE = Automatic;
				COMBINE_HIDPI_IMAGES = YES;
				DEVELOPMENT_TEAM = 278494H572;
				ENABLE_HARDENED_RUNTIME = YES;
				INFOPLIST_FILE = "Agora-AppKit-Example/Info.plist";
				LD_RUNPATH_SEARCH_PATHS = (
					"$(inherited)",
					"@executable_path/../Frameworks",
				);
				PRODUCT_BUNDLE_IDENTIFIER = "uk.rocketar.Agora-AppKit-Example";
				PRODUCT_NAME = "$(TARGET_NAME)";
				SWIFT_VERSION = 5.0;
			};
			name = Debug;
		};
		F3AFC288257511C40049D712 /* Release */ = {
			isa = XCBuildConfiguration;
			baseConfigurationReference = 93DB5D921FCA4D764A8F1338 /* Pods-Agora-AppKit-Example.release.xcconfig */;
			buildSettings = {
				ASSETCATALOG_COMPILER_APPICON_NAME = AppIcon;
				ASSETCATALOG_COMPILER_GLOBAL_ACCENT_COLOR_NAME = AccentColor;
				CODE_SIGN_ENTITLEMENTS = "Agora-AppKit-Example/Agora_AppKit_Example.entitlements";
				CODE_SIGN_STYLE = Automatic;
				COMBINE_HIDPI_IMAGES = YES;
				DEVELOPMENT_TEAM = 278494H572;
				ENABLE_HARDENED_RUNTIME = YES;
				INFOPLIST_FILE = "Agora-AppKit-Example/Info.plist";
				LD_RUNPATH_SEARCH_PATHS = (
					"$(inherited)",
					"@executable_path/../Frameworks",
				);
				PRODUCT_BUNDLE_IDENTIFIER = "uk.rocketar.Agora-AppKit-Example";
				PRODUCT_NAME = "$(TARGET_NAME)";
				SWIFT_VERSION = 5.0;
			};
			name = Release;
		};
/* End XCBuildConfiguration section */

/* Begin XCConfigurationList section */
		F3AFC271257511C20049D712 /* Build configuration list for PBXProject "Agora-AppKit-Example" */ = {
			isa = XCConfigurationList;
			buildConfigurations = (
				F3AFC284257511C40049D712 /* Debug */,
				F3AFC285257511C40049D712 /* Release */,
			);
			defaultConfigurationIsVisible = 0;
			defaultConfigurationName = Release;
		};
		F3AFC286257511C40049D712 /* Build configuration list for PBXNativeTarget "Agora-AppKit-Example" */ = {
			isa = XCConfigurationList;
			buildConfigurations = (
				F3AFC287257511C40049D712 /* Debug */,
				F3AFC288257511C40049D712 /* Release */,
			);
			defaultConfigurationIsVisible = 0;
			defaultConfigurationName = Release;
		};
/* End XCConfigurationList section */
	};
	rootObject = F3AFC26E257511C20049D712 /* Project object */;
}
